
Microsoft Visual Studio Solution File, Format Version 12.00
# Visual Studio Version 16
VisualStudioVersion = 16.0.28803.352
MinimumVisualStudioVersion = 10.0.40219.1
Project("{FAE04EC0-301F-11D3-BF4B-00C04F79EFBC}") = "DotNetMonitor.UI", "DotNetMonitor.UI\DotNetMonitor.UI.csproj", "{3A7B4220-0414-4C95-BBA2-57E42802E7F9}"
EndProject
Project("{9A19103F-16F7-4668-BE54-9A1E7A4F7556}") = "DotNetMonitor.Common", "DotNetMonitor.Common\DotNetMonitor.Common.csproj", "{2CDC774E-EDDE-4425-BBE3-D4A82795D9B0}"
EndProject
Project("{9A19103F-16F7-4668-BE54-9A1E7A4F7556}") = "DotNetMonitor.Model", "DotNetMonitor.Model\DotNetMonitor.Model.csproj", "{7DE5E86E-9EF5-4E2C-ACF1-36F1917AE93A}"
EndProject
Project("{FAE04EC0-301F-11D3-BF4B-00C04F79EFBC}") = "DotNetMonitor.ProcessView32", "DotNetMonitor.ProcessView\DotNetMonitor.ProcessView32.csproj", "{5BDF027A-C24E-477F-8A87-797C98C8B5BE}"
EndProject
Project("{FAE04EC0-301F-11D3-BF4B-00C04F79EFBC}") = "DotNetMonitor.ProcessView64", "DotNetMonitor.ProcessView\DotNetMonitor.ProcessView64.csproj", "{A3D94137-4B01-4BBF-904D-3598B20FB043}"
EndProject
Project("{FAE04EC0-301F-11D3-BF4B-00C04F79EFBC}") = "DotNetMonitor32", "DotNetMonitor32\DotNetMonitor32.csproj", "{7659B45F-A6BB-475C-92A8-95F9BF132E53}"
EndProject
Project("{FAE04EC0-301F-11D3-BF4B-00C04F79EFBC}") = "DotNetMonitor.ManagedInjectorLauncher32", "DotNetMonitor.ManagedInjectorLauncher\DotNetMonitor.ManagedInjectorLauncher32.csproj", "{837EED94-D254-4F58-8949-635015DE371D}"
EndProject
Project("{FAE04EC0-301F-11D3-BF4B-00C04F79EFBC}") = "DotNetMonitor.ManagedInjectorLauncher64", "DotNetMonitor.ManagedInjectorLauncher\DotNetMonitor.ManagedInjectorLauncher64.csproj", "{21E131D3-760F-4E93-8BDD-502591BD1F97}"
EndProject
Project("{2150E333-8FDC-42A3-9474-1A3956D46DE8}") = "ManagedInjector", "ManagedInjector", "{D6403F3A-E15C-457A-9608-C46986AACDBE}"
EndProject
Project("{8BC9CEB8-8B4A-11D0-8D11-00A0C91BC942}") = "DotNetMonitor.ManagedInjector32", "DotNetMonitor.ManagedInjector\DotNetMonitor.ManagedInjector32.vcxproj", "{8072B47B-5611-4BAB-8EF4-CB3125D676A5}"
EndProject
Project("{8BC9CEB8-8B4A-11D0-8D11-00A0C91BC942}") = "DotNetMonitor.ManagedInjector64", "DotNetMonitor.ManagedInjector\DotNetMonitor.ManagedInjector64.vcxproj", "{A27C8B34-2527-4258-8C07-D2720C576B90}"
EndProject
Global
	GlobalSection(SolutionConfigurationPlatforms) = preSolution
		Debug|Any CPU = Debug|Any CPU
		Debug|Mixed = Debug|Mixed
		Debug|x64 = Debug|x64
		Debug|x86 = Debug|x86
		Release|Any CPU = Release|Any CPU
		Release|Mixed = Release|Mixed
		Release|x64 = Release|x64
		Release|x86 = Release|x86
	EndGlobalSection
	GlobalSection(ProjectConfigurationPlatforms) = postSolution
		{3A7B4220-0414-4C95-BBA2-57E42802E7F9}.Debug|Any CPU.ActiveCfg = Debug|Any CPU
		{3A7B4220-0414-4C95-BBA2-57E42802E7F9}.Debug|Any CPU.Build.0 = Debug|Any CPU
		{3A7B4220-0414-4C95-BBA2-57E42802E7F9}.Debug|Mixed.ActiveCfg = Debug|Any CPU
		{3A7B4220-0414-4C95-BBA2-57E42802E7F9}.Debug|Mixed.Build.0 = Debug|Any CPU
		{3A7B4220-0414-4C95-BBA2-57E42802E7F9}.Debug|x64.ActiveCfg = Debug|Any CPU
		{3A7B4220-0414-4C95-BBA2-57E42802E7F9}.Debug|x64.Build.0 = Debug|Any CPU
		{3A7B4220-0414-4C95-BBA2-57E42802E7F9}.Debug|x86.ActiveCfg = Debug|Any CPU
		{3A7B4220-0414-4C95-BBA2-57E42802E7F9}.Debug|x86.Build.0 = Debug|Any CPU
		{3A7B4220-0414-4C95-BBA2-57E42802E7F9}.Release|Any CPU.ActiveCfg = Release|Any CPU
		{3A7B4220-0414-4C95-BBA2-57E42802E7F9}.Release|Any CPU.Build.0 = Release|Any CPU
		{3A7B4220-0414-4C95-BBA2-57E42802E7F9}.Release|Mixed.ActiveCfg = Release|Any CPU
		{3A7B4220-0414-4C95-BBA2-57E42802E7F9}.Release|Mixed.Build.0 = Release|Any CPU
		{3A7B4220-0414-4C95-BBA2-57E42802E7F9}.Release|x64.ActiveCfg = Release|Any CPU
		{3A7B4220-0414-4C95-BBA2-57E42802E7F9}.Release|x64.Build.0 = Release|Any CPU
		{3A7B4220-0414-4C95-BBA2-57E42802E7F9}.Release|x86.ActiveCfg = Release|Any CPU
		{3A7B4220-0414-4C95-BBA2-57E42802E7F9}.Release|x86.Build.0 = Release|Any CPU
		{2CDC774E-EDDE-4425-BBE3-D4A82795D9B0}.Debug|Any CPU.ActiveCfg = Debug|Any CPU
		{2CDC774E-EDDE-4425-BBE3-D4A82795D9B0}.Debug|Any CPU.Build.0 = Debug|Any CPU
		{2CDC774E-EDDE-4425-BBE3-D4A82795D9B0}.Debug|Mixed.ActiveCfg = Debug|Any CPU
		{2CDC774E-EDDE-4425-BBE3-D4A82795D9B0}.Debug|Mixed.Build.0 = Debug|Any CPU
		{2CDC774E-EDDE-4425-BBE3-D4A82795D9B0}.Debug|x64.ActiveCfg = Debug|Any CPU
		{2CDC774E-EDDE-4425-BBE3-D4A82795D9B0}.Debug|x64.Build.0 = Debug|Any CPU
		{2CDC774E-EDDE-4425-BBE3-D4A82795D9B0}.Debug|x86.ActiveCfg = Debug|Any CPU
		{2CDC774E-EDDE-4425-BBE3-D4A82795D9B0}.Debug|x86.Build.0 = Debug|Any CPU
		{2CDC774E-EDDE-4425-BBE3-D4A82795D9B0}.Release|Any CPU.ActiveCfg = Release|Any CPU
		{2CDC774E-EDDE-4425-BBE3-D4A82795D9B0}.Release|Any CPU.Build.0 = Release|Any CPU
		{2CDC774E-EDDE-4425-BBE3-D4A82795D9B0}.Release|Mixed.ActiveCfg = Release|Any CPU
		{2CDC774E-EDDE-4425-BBE3-D4A82795D9B0}.Release|Mixed.Build.0 = Release|Any CPU
		{2CDC774E-EDDE-4425-BBE3-D4A82795D9B0}.Release|x64.ActiveCfg = Release|Any CPU
		{2CDC774E-EDDE-4425-BBE3-D4A82795D9B0}.Release|x64.Build.0 = Release|Any CPU
		{2CDC774E-EDDE-4425-BBE3-D4A82795D9B0}.Release|x86.ActiveCfg = Release|Any CPU
		{2CDC774E-EDDE-4425-BBE3-D4A82795D9B0}.Release|x86.Build.0 = Release|Any CPU
		{7DE5E86E-9EF5-4E2C-ACF1-36F1917AE93A}.Debug|Any CPU.ActiveCfg = Debug|Any CPU
		{7DE5E86E-9EF5-4E2C-ACF1-36F1917AE93A}.Debug|Any CPU.Build.0 = Debug|Any CPU
		{7DE5E86E-9EF5-4E2C-ACF1-36F1917AE93A}.Debug|Mixed.ActiveCfg = Debug|Any CPU
		{7DE5E86E-9EF5-4E2C-ACF1-36F1917AE93A}.Debug|Mixed.Build.0 = Debug|Any CPU
		{7DE5E86E-9EF5-4E2C-ACF1-36F1917AE93A}.Debug|x64.ActiveCfg = Debug|Any CPU
		{7DE5E86E-9EF5-4E2C-ACF1-36F1917AE93A}.Debug|x64.Build.0 = Debug|Any CPU
		{7DE5E86E-9EF5-4E2C-ACF1-36F1917AE93A}.Debug|x86.ActiveCfg = Debug|Any CPU
		{7DE5E86E-9EF5-4E2C-ACF1-36F1917AE93A}.Debug|x86.Build.0 = Debug|Any CPU
		{7DE5E86E-9EF5-4E2C-ACF1-36F1917AE93A}.Release|Any CPU.ActiveCfg = Release|Any CPU
		{7DE5E86E-9EF5-4E2C-ACF1-36F1917AE93A}.Release|Any CPU.Build.0 = Release|Any CPU
		{7DE5E86E-9EF5-4E2C-ACF1-36F1917AE93A}.Release|Mixed.ActiveCfg = Release|Any CPU
		{7DE5E86E-9EF5-4E2C-ACF1-36F1917AE93A}.Release|Mixed.Build.0 = Release|Any CPU
		{7DE5E86E-9EF5-4E2C-ACF1-36F1917AE93A}.Release|x64.ActiveCfg = Release|Any CPU
		{7DE5E86E-9EF5-4E2C-ACF1-36F1917AE93A}.Release|x64.Build.0 = Release|Any CPU
		{7DE5E86E-9EF5-4E2C-ACF1-36F1917AE93A}.Release|x86.ActiveCfg = Release|Any CPU
		{7DE5E86E-9EF5-4E2C-ACF1-36F1917AE93A}.Release|x86.Build.0 = Release|Any CPU
		{5BDF027A-C24E-477F-8A87-797C98C8B5BE}.Debug|Any CPU.ActiveCfg = Debug|Any CPU
		{5BDF027A-C24E-477F-8A87-797C98C8B5BE}.Debug|Any CPU.Build.0 = Debug|Any CPU
		{5BDF027A-C24E-477F-8A87-797C98C8B5BE}.Debug|Mixed.ActiveCfg = Debug|x86
		{5BDF027A-C24E-477F-8A87-797C98C8B5BE}.Debug|Mixed.Build.0 = Debug|x86
		{5BDF027A-C24E-477F-8A87-797C98C8B5BE}.Debug|x64.ActiveCfg = Debug|Any CPU
		{5BDF027A-C24E-477F-8A87-797C98C8B5BE}.Debug|x64.Build.0 = Debug|Any CPU
		{5BDF027A-C24E-477F-8A87-797C98C8B5BE}.Debug|x86.ActiveCfg = Debug|Any CPU
		{5BDF027A-C24E-477F-8A87-797C98C8B5BE}.Debug|x86.Build.0 = Debug|Any CPU
		{5BDF027A-C24E-477F-8A87-797C98C8B5BE}.Release|Any CPU.ActiveCfg = Release|Any CPU
		{5BDF027A-C24E-477F-8A87-797C98C8B5BE}.Release|Any CPU.Build.0 = Release|Any CPU
		{5BDF027A-C24E-477F-8A87-797C98C8B5BE}.Release|Mixed.ActiveCfg = Release|Any CPU
		{5BDF027A-C24E-477F-8A87-797C98C8B5BE}.Release|Mixed.Build.0 = Release|Any CPU
		{5BDF027A-C24E-477F-8A87-797C98C8B5BE}.Release|x64.ActiveCfg = Release|Any CPU
		{5BDF027A-C24E-477F-8A87-797C98C8B5BE}.Release|x64.Build.0 = Release|Any CPU
		{5BDF027A-C24E-477F-8A87-797C98C8B5BE}.Release|x86.ActiveCfg = Release|Any CPU
		{5BDF027A-C24E-477F-8A87-797C98C8B5BE}.Release|x86.Build.0 = Release|Any CPU
		{A3D94137-4B01-4BBF-904D-3598B20FB043}.Debug|Any CPU.ActiveCfg = Debug|Any CPU
		{A3D94137-4B01-4BBF-904D-3598B20FB043}.Debug|Any CPU.Build.0 = Debug|Any CPU
		{A3D94137-4B01-4BBF-904D-3598B20FB043}.Debug|Mixed.ActiveCfg = Debug|x64
		{A3D94137-4B01-4BBF-904D-3598B20FB043}.Debug|Mixed.Build.0 = Debug|x64
		{A3D94137-4B01-4BBF-904D-3598B20FB043}.Debug|x64.ActiveCfg = Debug|Any CPU
		{A3D94137-4B01-4BBF-904D-3598B20FB043}.Debug|x64.Build.0 = Debug|Any CPU
		{A3D94137-4B01-4BBF-904D-3598B20FB043}.Debug|x86.ActiveCfg = Debug|Any CPU
		{A3D94137-4B01-4BBF-904D-3598B20FB043}.Debug|x86.Build.0 = Debug|Any CPU
		{A3D94137-4B01-4BBF-904D-3598B20FB043}.Release|Any CPU.ActiveCfg = Release|Any CPU
		{A3D94137-4B01-4BBF-904D-3598B20FB043}.Release|Any CPU.Build.0 = Release|Any CPU
		{A3D94137-4B01-4BBF-904D-3598B20FB043}.Release|Mixed.ActiveCfg = Release|Any CPU
		{A3D94137-4B01-4BBF-904D-3598B20FB043}.Release|Mixed.Build.0 = Release|Any CPU
		{A3D94137-4B01-4BBF-904D-3598B20FB043}.Release|x64.ActiveCfg = Release|Any CPU
		{A3D94137-4B01-4BBF-904D-3598B20FB043}.Release|x64.Build.0 = Release|Any CPU
		{A3D94137-4B01-4BBF-904D-3598B20FB043}.Release|x86.ActiveCfg = Release|Any CPU
		{A3D94137-4B01-4BBF-904D-3598B20FB043}.Release|x86.Build.0 = Release|Any CPU
		{7659B45F-A6BB-475C-92A8-95F9BF132E53}.Debug|Any CPU.ActiveCfg = Debug|Any CPU
		{7659B45F-A6BB-475C-92A8-95F9BF132E53}.Debug|Any CPU.Build.0 = Debug|Any CPU
		{7659B45F-A6BB-475C-92A8-95F9BF132E53}.Debug|Mixed.ActiveCfg = Debug|Any CPU
		{7659B45F-A6BB-475C-92A8-95F9BF132E53}.Debug|Mixed.Build.0 = Debug|Any CPU
		{7659B45F-A6BB-475C-92A8-95F9BF132E53}.Debug|x64.ActiveCfg = Debug|Any CPU
		{7659B45F-A6BB-475C-92A8-95F9BF132E53}.Debug|x64.Build.0 = Debug|Any CPU
		{7659B45F-A6BB-475C-92A8-95F9BF132E53}.Debug|x86.ActiveCfg = Debug|x86
		{7659B45F-A6BB-475C-92A8-95F9BF132E53}.Debug|x86.Build.0 = Debug|x86
		{7659B45F-A6BB-475C-92A8-95F9BF132E53}.Release|Any CPU.ActiveCfg = Release|Any CPU
		{7659B45F-A6BB-475C-92A8-95F9BF132E53}.Release|Any CPU.Build.0 = Release|Any CPU
		{7659B45F-A6BB-475C-92A8-95F9BF132E53}.Release|Mixed.ActiveCfg = Release|Any CPU
		{7659B45F-A6BB-475C-92A8-95F9BF132E53}.Release|Mixed.Build.0 = Release|Any CPU
		{7659B45F-A6BB-475C-92A8-95F9BF132E53}.Release|x64.ActiveCfg = Release|Any CPU
		{7659B45F-A6BB-475C-92A8-95F9BF132E53}.Release|x64.Build.0 = Release|Any CPU
		{7659B45F-A6BB-475C-92A8-95F9BF132E53}.Release|x86.ActiveCfg = Release|x86
		{7659B45F-A6BB-475C-92A8-95F9BF132E53}.Release|x86.Build.0 = Release|x86
		{837EED94-D254-4F58-8949-635015DE371D}.Debug|Any CPU.ActiveCfg = Debug|x86
		{837EED94-D254-4F58-8949-635015DE371D}.Debug|Mixed.ActiveCfg = Debug|x86
		{837EED94-D254-4F58-8949-635015DE371D}.Debug|Mixed.Build.0 = Debug|x86
		{837EED94-D254-4F58-8949-635015DE371D}.Debug|x64.ActiveCfg = Debug|x86
		{837EED94-D254-4F58-8949-635015DE371D}.Debug|x86.ActiveCfg = Debug|x86
		{837EED94-D254-4F58-8949-635015DE371D}.Debug|x86.Build.0 = Debug|x86
		{837EED94-D254-4F58-8949-635015DE371D}.Release|Any CPU.ActiveCfg = Release|x86
		{837EED94-D254-4F58-8949-635015DE371D}.Release|Mixed.ActiveCfg = Release|x86
		{837EED94-D254-4F58-8949-635015DE371D}.Release|x64.ActiveCfg = Release|x86
		{837EED94-D254-4F58-8949-635015DE371D}.Release|x86.ActiveCfg = Release|x86
		{837EED94-D254-4F58-8949-635015DE371D}.Release|x86.Build.0 = Release|x86
		{21E131D3-760F-4E93-8BDD-502591BD1F97}.Debug|Any CPU.ActiveCfg = Debug|x64
		{21E131D3-760F-4E93-8BDD-502591BD1F97}.Debug|Mixed.ActiveCfg = Debug|x64
		{21E131D3-760F-4E93-8BDD-502591BD1F97}.Debug|Mixed.Build.0 = Debug|x64
		{21E131D3-760F-4E93-8BDD-502591BD1F97}.Debug|x64.ActiveCfg = Debug|x64
		{21E131D3-760F-4E93-8BDD-502591BD1F97}.Debug|x64.Build.0 = Debug|x64
		{21E131D3-760F-4E93-8BDD-502591BD1F97}.Debug|x86.ActiveCfg = Debug|x64
		{21E131D3-760F-4E93-8BDD-502591BD1F97}.Release|Any CPU.ActiveCfg = Release|x64
		{21E131D3-760F-4E93-8BDD-502591BD1F97}.Release|Mixed.ActiveCfg = Release|x64
		{21E131D3-760F-4E93-8BDD-502591BD1F97}.Release|x64.ActiveCfg = Release|x64
		{21E131D3-760F-4E93-8BDD-502591BD1F97}.Release|x64.Build.0 = Release|x64
		{21E131D3-760F-4E93-8BDD-502591BD1F97}.Release|x86.ActiveCfg = Release|x64
		{8072B47B-5611-4BAB-8EF4-CB3125D676A5}.Debug|Any CPU.ActiveCfg = Debug|Win32
		{8072B47B-5611-4BAB-8EF4-CB3125D676A5}.Debug|Mixed.ActiveCfg = Debug|Win32
		{8072B47B-5611-4BAB-8EF4-CB3125D676A5}.Debug|Mixed.Build.0 = Debug|Win32
		{8072B47B-5611-4BAB-8EF4-CB3125D676A5}.Debug|x64.ActiveCfg = Debug|Win32
		{8072B47B-5611-4BAB-8EF4-CB3125D676A5}.Debug|x86.ActiveCfg = Debug|Win32
		{8072B47B-5611-4BAB-8EF4-CB3125D676A5}.Debug|x86.Build.0 = Debug|Win32
		{8072B47B-5611-4BAB-8EF4-CB3125D676A5}.Release|Any CPU.ActiveCfg = Release|Win32
		{8072B47B-5611-4BAB-8EF4-CB3125D676A5}.Release|Mixed.ActiveCfg = Release|Win32
		{8072B47B-5611-4BAB-8EF4-CB3125D676A5}.Release|x64.ActiveCfg = Release|Win32
		{8072B47B-5611-4BAB-8EF4-CB3125D676A5}.Release|x86.ActiveCfg = Release|Win32
		{8072B47B-5611-4BAB-8EF4-CB3125D676A5}.Release|x86.Build.0 = Release|Win32
		{A27C8B34-2527-4258-8C07-D2720C576B90}.Debug|Any CPU.ActiveCfg = Debug|x64
		{A27C8B34-2527-4258-8C07-D2720C576B90}.Debug|Mixed.ActiveCfg = Debug|x64
		{A27C8B34-2527-4258-8C07-D2720C576B90}.Debug|Mixed.Build.0 = Debug|x64
		{A27C8B34-2527-4258-8C07-D2720C576B90}.Debug|x64.ActiveCfg = Debug|x64
		{A27C8B34-2527-4258-8C07-D2720C576B90}.Debug|x64.Build.0 = Debug|x64
		{A27C8B34-2527-4258-8C07-D2720C576B90}.Debug|x86.ActiveCfg = Debug|x64
		{A27C8B34-2527-4258-8C07-D2720C576B90}.Release|Any CPU.ActiveCfg = Release|x64
		{A27C8B34-2527-4258-8C07-D2720C576B90}.Release|Mixed.ActiveCfg = Release|x64
		{A27C8B34-2527-4258-8C07-D2720C576B90}.Release|x64.ActiveCfg = Release|x64
		{A27C8B34-2527-4258-8C07-D2720C576B90}.Release|x64.Build.0 = Release|x64
		{A27C8B34-2527-4258-8C07-D2720C576B90}.Release|x86.ActiveCfg = Release|x64
	EndGlobalSection
	GlobalSection(SolutionProperties) = preSolution
		HideSolutionNode = FALSE
	EndGlobalSection
	GlobalSection(NestedProjects) = preSolution
		{837EED94-D254-4F58-8949-635015DE371D} = {D6403F3A-E15C-457A-9608-C46986AACDBE}
		{21E131D3-760F-4E93-8BDD-502591BD1F97} = {D6403F3A-E15C-457A-9608-C46986AACDBE}
		{8072B47B-5611-4BAB-8EF4-CB3125D676A5} = {D6403F3A-E15C-457A-9608-C46986AACDBE}
		{A27C8B34-2527-4258-8C07-D2720C576B90} = {D6403F3A-E15C-457A-9608-C46986AACDBE}
	EndGlobalSection
	GlobalSection(ExtensibilityGlobals) = postSolution
		SolutionGuid = {1724D629-6482-47D9-88B4-7CB9BE9B0F7C}
	EndGlobalSection
EndGlobal
