
Microsoft Visual Studio Solution File, Format Version 12.00
# Visual Studio Version 16
VisualStudioVersion = 16.0.28803.352
MinimumVisualStudioVersion = 10.0.40219.1
Project("{FAE04EC0-301F-11D3-BF4B-00C04F79EFBC}") = "DotNetMonitor.UI", "DotNetMonitor.UI\DotNetMonitor.UI.csproj", "{3A7B4220-0414-4C95-BBA2-57E42802E7F9}"
EndProject
Project("{9A19103F-16F7-4668-BE54-9A1E7A4F7556}") = "DotNetMonitor.Common", "DotNetMonitor.Common\DotNetMonitor.Common.csproj", "{2CDC774E-EDDE-4425-BBE3-D4A82795D9B0}"
EndProject
Project("{9A19103F-16F7-4668-BE54-9A1E7A4F7556}") = "DotNetMonitor.Model", "DotNetMonitor.Model\DotNetMonitor.Model.csproj", "{7DE5E86E-9EF5-4E2C-ACF1-36F1917AE93A}"
EndProject
Project("{FAE04EC0-301F-11D3-BF4B-00C04F79EFBC}") = "DotNetMonitor32", "DotNetMonitor32\DotNetMonitor32.csproj", "{7659B45F-A6BB-475C-92A8-95F9BF132E53}"
EndProject
Project("{FAE04EC0-301F-11D3-BF4B-00C04F79EFBC}") = "DotNetMonitor64", "DotNetMonitor64\DotNetMonitor64.csproj", "{CC20E7FD-73D4-441B-A47B-843A7E1B7C97}"
EndProject
Global
	GlobalSection(SolutionConfigurationPlatforms) = preSolution
		Debug|Any CPU = Debug|Any CPU
		Debug|Mixed = Debug|Mixed
		Debug|x64 = Debug|x64
		Debug|x86 = Debug|x86
		Release|Any CPU = Release|Any CPU
		Release|Mixed = Release|Mixed
		Release|x64 = Release|x64
		Release|x86 = Release|x86
	EndGlobalSection
	GlobalSection(ProjectConfigurationPlatforms) = postSolution
		{3A7B4220-0414-4C95-BBA2-57E42802E7F9}.Debug|Any CPU.ActiveCfg = Debug|Any CPU
		{3A7B4220-0414-4C95-BBA2-57E42802E7F9}.Debug|Any CPU.Build.0 = Debug|Any CPU
		{3A7B4220-0414-4C95-BBA2-57E42802E7F9}.Debug|Mixed.ActiveCfg = Debug|Any CPU
		{3A7B4220-0414-4C95-BBA2-57E42802E7F9}.Debug|Mixed.Build.0 = Debug|Any CPU
		{3A7B4220-0414-4C95-BBA2-57E42802E7F9}.Debug|x64.ActiveCfg = Debug|Any CPU
		{3A7B4220-0414-4C95-BBA2-57E42802E7F9}.Debug|x64.Build.0 = Debug|Any CPU
		{3A7B4220-0414-4C95-BBA2-57E42802E7F9}.Debug|x86.ActiveCfg = Debug|Any CPU
		{3A7B4220-0414-4C95-BBA2-57E42802E7F9}.Debug|x86.Build.0 = Debug|Any CPU
		{3A7B4220-0414-4C95-BBA2-57E42802E7F9}.Release|Any CPU.ActiveCfg = Release|Any CPU
		{3A7B4220-0414-4C95-BBA2-57E42802E7F9}.Release|Any CPU.Build.0 = Release|Any CPU
		{3A7B4220-0414-4C95-BBA2-57E42802E7F9}.Release|Mixed.ActiveCfg = Release|Any CPU
		{3A7B4220-0414-4C95-BBA2-57E42802E7F9}.Release|Mixed.Build.0 = Release|Any CPU
		{3A7B4220-0414-4C95-BBA2-57E42802E7F9}.Release|x64.ActiveCfg = Release|Any CPU
		{3A7B4220-0414-4C95-BBA2-57E42802E7F9}.Release|x64.Build.0 = Release|Any CPU
		{3A7B4220-0414-4C95-BBA2-57E42802E7F9}.Release|x86.ActiveCfg = Release|Any CPU
		{3A7B4220-0414-4C95-BBA2-57E42802E7F9}.Release|x86.Build.0 = Release|Any CPU
		{2CDC774E-EDDE-4425-BBE3-D4A82795D9B0}.Debug|Any CPU.ActiveCfg = Debug|Any CPU
		{2CDC774E-EDDE-4425-BBE3-D4A82795D9B0}.Debug|Any CPU.Build.0 = Debug|Any CPU
		{2CDC774E-EDDE-4425-BBE3-D4A82795D9B0}.Debug|Mixed.ActiveCfg = Debug|Any CPU
		{2CDC774E-EDDE-4425-BBE3-D4A82795D9B0}.Debug|Mixed.Build.0 = Debug|Any CPU
		{2CDC774E-EDDE-4425-BBE3-D4A82795D9B0}.Debug|x64.ActiveCfg = Debug|Any CPU
		{2CDC774E-EDDE-4425-BBE3-D4A82795D9B0}.Debug|x64.Build.0 = Debug|Any CPU
		{2CDC774E-EDDE-4425-BBE3-D4A82795D9B0}.Debug|x86.ActiveCfg = Debug|Any CPU
		{2CDC774E-EDDE-4425-BBE3-D4A82795D9B0}.Debug|x86.Build.0 = Debug|Any CPU
		{2CDC774E-EDDE-4425-BBE3-D4A82795D9B0}.Release|Any CPU.ActiveCfg = Release|Any CPU
		{2CDC774E-EDDE-4425-BBE3-D4A82795D9B0}.Release|Any CPU.Build.0 = Release|Any CPU
		{2CDC774E-EDDE-4425-BBE3-D4A82795D9B0}.Release|Mixed.ActiveCfg = Release|Any CPU
		{2CDC774E-EDDE-4425-BBE3-D4A82795D9B0}.Release|Mixed.Build.0 = Release|Any CPU
		{2CDC774E-EDDE-4425-BBE3-D4A82795D9B0}.Release|x64.ActiveCfg = Release|Any CPU
		{2CDC774E-EDDE-4425-BBE3-D4A82795D9B0}.Release|x64.Build.0 = Release|Any CPU
		{2CDC774E-EDDE-4425-BBE3-D4A82795D9B0}.Release|x86.ActiveCfg = Release|Any CPU
		{2CDC774E-EDDE-4425-BBE3-D4A82795D9B0}.Release|x86.Build.0 = Release|Any CPU
		{7DE5E86E-9EF5-4E2C-ACF1-36F1917AE93A}.Debug|Any CPU.ActiveCfg = Debug|Any CPU
		{7DE5E86E-9EF5-4E2C-ACF1-36F1917AE93A}.Debug|Any CPU.Build.0 = Debug|Any CPU
		{7DE5E86E-9EF5-4E2C-ACF1-36F1917AE93A}.Debug|Mixed.ActiveCfg = Debug|Any CPU
		{7DE5E86E-9EF5-4E2C-ACF1-36F1917AE93A}.Debug|Mixed.Build.0 = Debug|Any CPU
		{7DE5E86E-9EF5-4E2C-ACF1-36F1917AE93A}.Debug|x64.ActiveCfg = Debug|Any CPU
		{7DE5E86E-9EF5-4E2C-ACF1-36F1917AE93A}.Debug|x64.Build.0 = Debug|Any CPU
		{7DE5E86E-9EF5-4E2C-ACF1-36F1917AE93A}.Debug|x86.ActiveCfg = Debug|Any CPU
		{7DE5E86E-9EF5-4E2C-ACF1-36F1917AE93A}.Debug|x86.Build.0 = Debug|Any CPU
		{7DE5E86E-9EF5-4E2C-ACF1-36F1917AE93A}.Release|Any CPU.ActiveCfg = Release|Any CPU
		{7DE5E86E-9EF5-4E2C-ACF1-36F1917AE93A}.Release|Any CPU.Build.0 = Release|Any CPU
		{7DE5E86E-9EF5-4E2C-ACF1-36F1917AE93A}.Release|Mixed.ActiveCfg = Release|Any CPU
		{7DE5E86E-9EF5-4E2C-ACF1-36F1917AE93A}.Release|Mixed.Build.0 = Release|Any CPU
		{7DE5E86E-9EF5-4E2C-ACF1-36F1917AE93A}.Release|x64.ActiveCfg = Release|Any CPU
		{7DE5E86E-9EF5-4E2C-ACF1-36F1917AE93A}.Release|x64.Build.0 = Release|Any CPU
		{7DE5E86E-9EF5-4E2C-ACF1-36F1917AE93A}.Release|x86.ActiveCfg = Release|Any CPU
		{7DE5E86E-9EF5-4E2C-ACF1-36F1917AE93A}.Release|x86.Build.0 = Release|Any CPU
		{7659B45F-A6BB-475C-92A8-95F9BF132E53}.Debug|Any CPU.ActiveCfg = Debug|Any CPU
		{7659B45F-A6BB-475C-92A8-95F9BF132E53}.Debug|Any CPU.Build.0 = Debug|Any CPU
		{7659B45F-A6BB-475C-92A8-95F9BF132E53}.Debug|Mixed.ActiveCfg = Debug|x86
		{7659B45F-A6BB-475C-92A8-95F9BF132E53}.Debug|Mixed.Build.0 = Debug|x86
		{7659B45F-A6BB-475C-92A8-95F9BF132E53}.Debug|x64.ActiveCfg = Debug|Any CPU
		{7659B45F-A6BB-475C-92A8-95F9BF132E53}.Debug|x64.Build.0 = Debug|Any CPU
		{7659B45F-A6BB-475C-92A8-95F9BF132E53}.Debug|x86.ActiveCfg = Debug|Any CPU
		{7659B45F-A6BB-475C-92A8-95F9BF132E53}.Debug|x86.Build.0 = Debug|Any CPU
		{7659B45F-A6BB-475C-92A8-95F9BF132E53}.Release|Any CPU.ActiveCfg = Release|Any CPU
		{7659B45F-A6BB-475C-92A8-95F9BF132E53}.Release|Any CPU.Build.0 = Release|Any CPU
		{7659B45F-A6BB-475C-92A8-95F9BF132E53}.Release|Mixed.ActiveCfg = Release|Any CPU
		{7659B45F-A6BB-475C-92A8-95F9BF132E53}.Release|Mixed.Build.0 = Release|Any CPU
		{7659B45F-A6BB-475C-92A8-95F9BF132E53}.Release|x64.ActiveCfg = Release|Any CPU
		{7659B45F-A6BB-475C-92A8-95F9BF132E53}.Release|x64.Build.0 = Release|Any CPU
		{7659B45F-A6BB-475C-92A8-95F9BF132E53}.Release|x86.ActiveCfg = Release|Any CPU
		{7659B45F-A6BB-475C-92A8-95F9BF132E53}.Release|x86.Build.0 = Release|Any CPU
		{CC20E7FD-73D4-441B-A47B-843A7E1B7C97}.Debug|Any CPU.ActiveCfg = Debug|Any CPU
		{CC20E7FD-73D4-441B-A47B-843A7E1B7C97}.Debug|Any CPU.Build.0 = Debug|Any CPU
		{CC20E7FD-73D4-441B-A47B-843A7E1B7C97}.Debug|Mixed.ActiveCfg = Debug|x64
		{CC20E7FD-73D4-441B-A47B-843A7E1B7C97}.Debug|Mixed.Build.0 = Debug|x64
		{CC20E7FD-73D4-441B-A47B-843A7E1B7C97}.Debug|x64.ActiveCfg = Debug|Any CPU
		{CC20E7FD-73D4-441B-A47B-843A7E1B7C97}.Debug|x64.Build.0 = Debug|Any CPU
		{CC20E7FD-73D4-441B-A47B-843A7E1B7C97}.Debug|x86.ActiveCfg = Debug|Any CPU
		{CC20E7FD-73D4-441B-A47B-843A7E1B7C97}.Debug|x86.Build.0 = Debug|Any CPU
		{CC20E7FD-73D4-441B-A47B-843A7E1B7C97}.Release|Any CPU.ActiveCfg = Release|Any CPU
		{CC20E7FD-73D4-441B-A47B-843A7E1B7C97}.Release|Any CPU.Build.0 = Release|Any CPU
		{CC20E7FD-73D4-441B-A47B-843A7E1B7C97}.Release|Mixed.ActiveCfg = Release|Any CPU
		{CC20E7FD-73D4-441B-A47B-843A7E1B7C97}.Release|Mixed.Build.0 = Release|Any CPU
		{CC20E7FD-73D4-441B-A47B-843A7E1B7C97}.Release|x64.ActiveCfg = Release|Any CPU
		{CC20E7FD-73D4-441B-A47B-843A7E1B7C97}.Release|x64.Build.0 = Release|Any CPU
		{CC20E7FD-73D4-441B-A47B-843A7E1B7C97}.Release|x86.ActiveCfg = Release|Any CPU
		{CC20E7FD-73D4-441B-A47B-843A7E1B7C97}.Release|x86.Build.0 = Release|Any CPU
	EndGlobalSection
	GlobalSection(SolutionProperties) = preSolution
		HideSolutionNode = FALSE
	EndGlobalSection
	GlobalSection(ExtensibilityGlobals) = postSolution
		SolutionGuid = {1724D629-6482-47D9-88B4-7CB9BE9B0F7C}
	EndGlobalSection
EndGlobal
